
Microsoft Visual Studio Solution File, Format Version 12.00
# Visual Studio Version 17
VisualStudioVersion = 17.7.34031.279
MinimumVisualStudioVersion = 10.0.40219.1
Project("{FAE04EC0-301F-11D3-BF4B-00C04F79EFBC}") = "AgroserviciosApi", "AgroserviciosApi\AgroserviciosApi.csproj", "{B646C2C3-1293-4E63-973A-54DE352325AD}"
EndProject
Global
	GlobalSection(SolutionConfigurationPlatforms) = preSolution
		Debug|Any CPU = Debug|Any CPU
		Release|Any CPU = Release|Any CPU
	EndGlobalSection
	GlobalSection(ProjectConfigurationPlatforms) = postSolution
		{B646C2C3-1293-4E63-973A-54DE352325AD}.Debug|Any CPU.ActiveCfg = Debug|Any CPU
		{B646C2C3-1293-4E63-973A-54DE352325AD}.Debug|Any CPU.Build.0 = Debug|Any CPU
		{B646C2C3-1293-4E63-973A-54DE352325AD}.Release|Any CPU.ActiveCfg = Release|Any CPU
		{B646C2C3-1293-4E63-973A-54DE352325AD}.Release|Any CPU.Build.0 = Release|Any CPU
	EndGlobalSection
	GlobalSection(SolutionProperties) = preSolution
		HideSolutionNode = FALSE
	EndGlobalSection
	GlobalSection(ExtensibilityGlobals) = postSolution
		SolutionGuid = {3DC4F40B-3DE3-481D-AA23-9ACDBF33A8DC}
	EndGlobalSection
EndGlobal
